
Microsoft Visual Studio Solution File, Format Version 12.00
# Visual Studio Version 17
VisualStudioVersion = 17.11.35327.3
MinimumVisualStudioVersion = 10.0.40219.1
Project("{FAE04EC0-301F-11D3-BF4B-00C04F79EFBC}") = "atm", "atm.csproj", "{AD5D5773-B087-4E12-81A2-ACD4D89AA41C}"
EndProject
Global
	GlobalSection(SolutionConfigurationPlatforms) = preSolution
		Debug|Any CPU = Debug|Any CPU
		Release|Any CPU = Release|Any CPU
	EndGlobalSection
	GlobalSection(ProjectConfigurationPlatforms) = postSolution
		{AD5D5773-B087-4E12-81A2-ACD4D89AA41C}.Debug|Any CPU.ActiveCfg = Debug|Any CPU
		{AD5D5773-B087-4E12-81A2-ACD4D89AA41C}.Debug|Any CPU.Build.0 = Debug|Any CPU
		{AD5D5773-B087-4E12-81A2-ACD4D89AA41C}.Release|Any CPU.ActiveCfg = Release|Any CPU
		{AD5D5773-B087-4E12-81A2-ACD4D89AA41C}.Release|Any CPU.Build.0 = Release|Any CPU
	EndGlobalSection
	GlobalSection(SolutionProperties) = preSolution
		HideSolutionNode = FALSE
	EndGlobalSection
	GlobalSection(ExtensibilityGlobals) = postSolution
		SolutionGuid = {7FEEE8D2-4DD0-40A7-8205-8884971EAB91}
	EndGlobalSection
EndGlobal
